// !$*UTF8*$!
{
	archiveVersion = 1;
	classes = {
	};
	objectVersion = 51;
	objects = {

/* Begin PBXBuildFile section */
		2E276CBDE7B6F215D8992BD0 /* Pods_TrainingNoteTests.framework in Frameworks */ = {isa = PBXBuildFile; fileRef = 6A3AFA45E667062FD8B2B1F5 /* Pods_TrainingNoteTests.framework */; };
		AD6E1461103840ADA23D8A52 /* Pods_TrainingNote_TrainingNoteUITests.framework in Frameworks */ = {isa = PBXBuildFile; fileRef = 6CC34E3BEC76D292EBADA0E7 /* Pods_TrainingNote_TrainingNoteUITests.framework */; };
		B01FC99B81681064DD93D58B /* Pods_TrainingNote.framework in Frameworks */ = {isa = PBXBuildFile; fileRef = AFD0126A6E828644F4D8E4E0 /* Pods_TrainingNote.framework */; };
		D31FAFF223F7639B00CECCC5 /* AppDelegate.swift in Sources */ = {isa = PBXBuildFile; fileRef = D31FAFF123F7639B00CECCC5 /* AppDelegate.swift */; };
		D31FAFF423F7639B00CECCC5 /* SceneDelegate.swift in Sources */ = {isa = PBXBuildFile; fileRef = D31FAFF323F7639B00CECCC5 /* SceneDelegate.swift */; };
		D31FAFFB23F7639C00CECCC5 /* Assets.xcassets in Resources */ = {isa = PBXBuildFile; fileRef = D31FAFFA23F7639C00CECCC5 /* Assets.xcassets */; };
		D31FB00923F7639C00CECCC5 /* TrainingNoteTests.swift in Sources */ = {isa = PBXBuildFile; fileRef = D31FB00823F7639C00CECCC5 /* TrainingNoteTests.swift */; };
		D31FB01423F7639C00CECCC5 /* TrainingNoteUITests.swift in Sources */ = {isa = PBXBuildFile; fileRef = D31FB01323F7639C00CECCC5 /* TrainingNoteUITests.swift */; };
		D348949B23F77A8F00E4D758 /* R.generated.swift in Sources */ = {isa = PBXBuildFile; fileRef = D348949A23F77A8F00E4D758 /* R.generated.swift */; };
		D34894A623F789E200E4D758 /* LaunchScreen.storyboard in Resources */ = {isa = PBXBuildFile; fileRef = D34894A523F789E200E4D758 /* LaunchScreen.storyboard */; };
		D34894B323F79B4F00E4D758 /* CalenderViewController.swift in Sources */ = {isa = PBXBuildFile; fileRef = D34894B123F79B4F00E4D758 /* CalenderViewController.swift */; };
		D34894B423F79B4F00E4D758 /* CalenderViewController.xib in Resources */ = {isa = PBXBuildFile; fileRef = D34894B223F79B4F00E4D758 /* CalenderViewController.xib */; };
		D34894B723F79F7500E4D758 /* SettingViewController.swift in Sources */ = {isa = PBXBuildFile; fileRef = D34894B523F79F7500E4D758 /* SettingViewController.swift */; };
		D34894B823F79F7500E4D758 /* SettingViewController.xib in Resources */ = {isa = PBXBuildFile; fileRef = D34894B623F79F7500E4D758 /* SettingViewController.xib */; };
		D34894BB23F7A54700E4D758 /* NoteViewController.swift in Sources */ = {isa = PBXBuildFile; fileRef = D34894B923F7A54700E4D758 /* NoteViewController.swift */; };
		D34894BC23F7A54700E4D758 /* NoteViewController.xib in Resources */ = {isa = PBXBuildFile; fileRef = D34894BA23F7A54700E4D758 /* NoteViewController.xib */; };
		D349B1E123FA9BF7005F7C56 /* SettingModel.swift in Sources */ = {isa = PBXBuildFile; fileRef = D349B1E023FA9BF7005F7C56 /* SettingModel.swift */; };
		D362296D23F7E9B9005A610A /* SettingTableViewCell.swift in Sources */ = {isa = PBXBuildFile; fileRef = D362296B23F7E9B9005A610A /* SettingTableViewCell.swift */; };
		D362296E23F7E9B9005A610A /* SettingTableViewCell.xib in Resources */ = {isa = PBXBuildFile; fileRef = D362296C23F7E9B9005A610A /* SettingTableViewCell.xib */; };
		D362297023F7EA3F005A610A /* Injectable.swift in Sources */ = {isa = PBXBuildFile; fileRef = D362296F23F7EA3F005A610A /* Injectable.swift */; };
		D362297223F7EB4D005A610A /* SettingViewModel.swift in Sources */ = {isa = PBXBuildFile; fileRef = D362297123F7EB4D005A610A /* SettingViewModel.swift */; };
		D362297523F7FFB7005A610A /* SettingView.strings in Resources */ = {isa = PBXBuildFile; fileRef = D362297423F7FFB7005A610A /* SettingView.strings */; };
		D39AC62523FE4B5D00DCC185 /* SettingModel.strings in Resources */ = {isa = PBXBuildFile; fileRef = D39AC62423FE4B5D00DCC185 /* SettingModel.strings */; };
/* End PBXBuildFile section */

/* Begin PBXContainerItemProxy section */
		D31FB00523F7639C00CECCC5 /* PBXContainerItemProxy */ = {
			isa = PBXContainerItemProxy;
			containerPortal = D31FAFE623F7639B00CECCC5 /* Project object */;
			proxyType = 1;
			remoteGlobalIDString = D31FAFED23F7639B00CECCC5;
			remoteInfo = TrainingNote;
		};
		D31FB01023F7639C00CECCC5 /* PBXContainerItemProxy */ = {
			isa = PBXContainerItemProxy;
			containerPortal = D31FAFE623F7639B00CECCC5 /* Project object */;
			proxyType = 1;
			remoteGlobalIDString = D31FAFED23F7639B00CECCC5;
			remoteInfo = TrainingNote;
		};
/* End PBXContainerItemProxy section */

/* Begin PBXFileReference section */
		3ED6561331E68B83182EF8EE /* Pods-TrainingNote.release.xcconfig */ = {isa = PBXFileReference; includeInIndex = 1; lastKnownFileType = text.xcconfig; name = "Pods-TrainingNote.release.xcconfig"; path = "Target Support Files/Pods-TrainingNote/Pods-TrainingNote.release.xcconfig"; sourceTree = "<group>"; };
		6276862C6ED0088C99FFD19F /* Pods-TrainingNote-TrainingNoteUITests.debug.xcconfig */ = {isa = PBXFileReference; includeInIndex = 1; lastKnownFileType = text.xcconfig; name = "Pods-TrainingNote-TrainingNoteUITests.debug.xcconfig"; path = "Target Support Files/Pods-TrainingNote-TrainingNoteUITests/Pods-TrainingNote-TrainingNoteUITests.debug.xcconfig"; sourceTree = "<group>"; };
		6A3AFA45E667062FD8B2B1F5 /* Pods_TrainingNoteTests.framework */ = {isa = PBXFileReference; explicitFileType = wrapper.framework; includeInIndex = 0; path = Pods_TrainingNoteTests.framework; sourceTree = BUILT_PRODUCTS_DIR; };
		6CC34E3BEC76D292EBADA0E7 /* Pods_TrainingNote_TrainingNoteUITests.framework */ = {isa = PBXFileReference; explicitFileType = wrapper.framework; includeInIndex = 0; path = Pods_TrainingNote_TrainingNoteUITests.framework; sourceTree = BUILT_PRODUCTS_DIR; };
		891D4C9EB7945661AAF11D89 /* Pods-TrainingNote-TrainingNoteUITests.release.xcconfig */ = {isa = PBXFileReference; includeInIndex = 1; lastKnownFileType = text.xcconfig; name = "Pods-TrainingNote-TrainingNoteUITests.release.xcconfig"; path = "Target Support Files/Pods-TrainingNote-TrainingNoteUITests/Pods-TrainingNote-TrainingNoteUITests.release.xcconfig"; sourceTree = "<group>"; };
		AFD0126A6E828644F4D8E4E0 /* Pods_TrainingNote.framework */ = {isa = PBXFileReference; explicitFileType = wrapper.framework; includeInIndex = 0; path = Pods_TrainingNote.framework; sourceTree = BUILT_PRODUCTS_DIR; };
		CF11980B151F3F0000C95B9C /* Pods-TrainingNote.debug.xcconfig */ = {isa = PBXFileReference; includeInIndex = 1; lastKnownFileType = text.xcconfig; name = "Pods-TrainingNote.debug.xcconfig"; path = "Target Support Files/Pods-TrainingNote/Pods-TrainingNote.debug.xcconfig"; sourceTree = "<group>"; };
		D31FAFEE23F7639B00CECCC5 /* TrainingNote.app */ = {isa = PBXFileReference; explicitFileType = wrapper.application; includeInIndex = 0; path = TrainingNote.app; sourceTree = BUILT_PRODUCTS_DIR; };
		D31FAFF123F7639B00CECCC5 /* AppDelegate.swift */ = {isa = PBXFileReference; lastKnownFileType = sourcecode.swift; path = AppDelegate.swift; sourceTree = "<group>"; };
		D31FAFF323F7639B00CECCC5 /* SceneDelegate.swift */ = {isa = PBXFileReference; lastKnownFileType = sourcecode.swift; path = SceneDelegate.swift; sourceTree = "<group>"; };
		D31FAFFA23F7639C00CECCC5 /* Assets.xcassets */ = {isa = PBXFileReference; lastKnownFileType = folder.assetcatalog; path = Assets.xcassets; sourceTree = "<group>"; };
		D31FAFFF23F7639C00CECCC5 /* Info.plist */ = {isa = PBXFileReference; lastKnownFileType = text.plist.xml; path = Info.plist; sourceTree = "<group>"; };
		D31FB00423F7639C00CECCC5 /* TrainingNoteTests.xctest */ = {isa = PBXFileReference; explicitFileType = wrapper.cfbundle; includeInIndex = 0; path = TrainingNoteTests.xctest; sourceTree = BUILT_PRODUCTS_DIR; };
		D31FB00823F7639C00CECCC5 /* TrainingNoteTests.swift */ = {isa = PBXFileReference; lastKnownFileType = sourcecode.swift; path = TrainingNoteTests.swift; sourceTree = "<group>"; };
		D31FB00A23F7639C00CECCC5 /* Info.plist */ = {isa = PBXFileReference; lastKnownFileType = text.plist.xml; path = Info.plist; sourceTree = "<group>"; };
		D31FB00F23F7639C00CECCC5 /* TrainingNoteUITests.xctest */ = {isa = PBXFileReference; explicitFileType = wrapper.cfbundle; includeInIndex = 0; path = TrainingNoteUITests.xctest; sourceTree = BUILT_PRODUCTS_DIR; };
		D31FB01323F7639C00CECCC5 /* TrainingNoteUITests.swift */ = {isa = PBXFileReference; lastKnownFileType = sourcecode.swift; path = TrainingNoteUITests.swift; sourceTree = "<group>"; };
		D31FB01523F7639C00CECCC5 /* Info.plist */ = {isa = PBXFileReference; lastKnownFileType = text.plist.xml; path = Info.plist; sourceTree = "<group>"; };
		D348949A23F77A8F00E4D758 /* R.generated.swift */ = {isa = PBXFileReference; fileEncoding = 4; lastKnownFileType = sourcecode.swift; path = R.generated.swift; sourceTree = "<group>"; };
		D34894A523F789E200E4D758 /* LaunchScreen.storyboard */ = {isa = PBXFileReference; fileEncoding = 4; lastKnownFileType = file.storyboard; path = LaunchScreen.storyboard; sourceTree = "<group>"; };
		D34894B123F79B4F00E4D758 /* CalenderViewController.swift */ = {isa = PBXFileReference; lastKnownFileType = sourcecode.swift; path = CalenderViewController.swift; sourceTree = "<group>"; };
		D34894B223F79B4F00E4D758 /* CalenderViewController.xib */ = {isa = PBXFileReference; lastKnownFileType = file.xib; path = CalenderViewController.xib; sourceTree = "<group>"; };
		D34894B523F79F7500E4D758 /* SettingViewController.swift */ = {isa = PBXFileReference; lastKnownFileType = sourcecode.swift; path = SettingViewController.swift; sourceTree = "<group>"; };
		D34894B623F79F7500E4D758 /* SettingViewController.xib */ = {isa = PBXFileReference; lastKnownFileType = file.xib; path = SettingViewController.xib; sourceTree = "<group>"; };
		D34894B923F7A54700E4D758 /* NoteViewController.swift */ = {isa = PBXFileReference; lastKnownFileType = sourcecode.swift; path = NoteViewController.swift; sourceTree = "<group>"; };
		D34894BA23F7A54700E4D758 /* NoteViewController.xib */ = {isa = PBXFileReference; lastKnownFileType = file.xib; path = NoteViewController.xib; sourceTree = "<group>"; };
		D349B1E023FA9BF7005F7C56 /* SettingModel.swift */ = {isa = PBXFileReference; lastKnownFileType = sourcecode.swift; path = SettingModel.swift; sourceTree = "<group>"; };
		D362296B23F7E9B9005A610A /* SettingTableViewCell.swift */ = {isa = PBXFileReference; lastKnownFileType = sourcecode.swift; path = SettingTableViewCell.swift; sourceTree = "<group>"; };
		D362296C23F7E9B9005A610A /* SettingTableViewCell.xib */ = {isa = PBXFileReference; lastKnownFileType = file.xib; path = SettingTableViewCell.xib; sourceTree = "<group>"; };
		D362296F23F7EA3F005A610A /* Injectable.swift */ = {isa = PBXFileReference; lastKnownFileType = sourcecode.swift; path = Injectable.swift; sourceTree = "<group>"; };
		D362297123F7EB4D005A610A /* SettingViewModel.swift */ = {isa = PBXFileReference; lastKnownFileType = sourcecode.swift; path = SettingViewModel.swift; sourceTree = "<group>"; };
		D362297423F7FFB7005A610A /* SettingView.strings */ = {isa = PBXFileReference; lastKnownFileType = text.plist.strings; path = SettingView.strings; sourceTree = "<group>"; };
		D39AC62423FE4B5D00DCC185 /* SettingModel.strings */ = {isa = PBXFileReference; lastKnownFileType = text.plist.strings; path = SettingModel.strings; sourceTree = "<group>"; };
		D825926584CB9ECC7FD44CD6 /* Pods-TrainingNoteTests.debug.xcconfig */ = {isa = PBXFileReference; includeInIndex = 1; lastKnownFileType = text.xcconfig; name = "Pods-TrainingNoteTests.debug.xcconfig"; path = "Target Support Files/Pods-TrainingNoteTests/Pods-TrainingNoteTests.debug.xcconfig"; sourceTree = "<group>"; };
		E14285CB2D457CBD3B134913 /* Pods-TrainingNoteTests.release.xcconfig */ = {isa = PBXFileReference; includeInIndex = 1; lastKnownFileType = text.xcconfig; name = "Pods-TrainingNoteTests.release.xcconfig"; path = "Target Support Files/Pods-TrainingNoteTests/Pods-TrainingNoteTests.release.xcconfig"; sourceTree = "<group>"; };
/* End PBXFileReference section */

/* Begin PBXFrameworksBuildPhase section */
		D31FAFEB23F7639B00CECCC5 /* Frameworks */ = {
			isa = PBXFrameworksBuildPhase;
			buildActionMask = 2147483647;
			files = (
				B01FC99B81681064DD93D58B /* Pods_TrainingNote.framework in Frameworks */,
			);
			runOnlyForDeploymentPostprocessing = 0;
		};
		D31FB00123F7639C00CECCC5 /* Frameworks */ = {
			isa = PBXFrameworksBuildPhase;
			buildActionMask = 2147483647;
			files = (
				2E276CBDE7B6F215D8992BD0 /* Pods_TrainingNoteTests.framework in Frameworks */,
			);
			runOnlyForDeploymentPostprocessing = 0;
		};
		D31FB00C23F7639C00CECCC5 /* Frameworks */ = {
			isa = PBXFrameworksBuildPhase;
			buildActionMask = 2147483647;
			files = (
				AD6E1461103840ADA23D8A52 /* Pods_TrainingNote_TrainingNoteUITests.framework in Frameworks */,
			);
			runOnlyForDeploymentPostprocessing = 0;
		};
/* End PBXFrameworksBuildPhase section */

/* Begin PBXGroup section */
		172B5794E184B81BEE9203AB /* Frameworks */ = {
			isa = PBXGroup;
			children = (
				AFD0126A6E828644F4D8E4E0 /* Pods_TrainingNote.framework */,
				6CC34E3BEC76D292EBADA0E7 /* Pods_TrainingNote_TrainingNoteUITests.framework */,
				6A3AFA45E667062FD8B2B1F5 /* Pods_TrainingNoteTests.framework */,
			);
			name = Frameworks;
			sourceTree = "<group>";
		};
		C85A285C4AB7E3D7D84AB762 /* Pods */ = {
			isa = PBXGroup;
			children = (
				CF11980B151F3F0000C95B9C /* Pods-TrainingNote.debug.xcconfig */,
				3ED6561331E68B83182EF8EE /* Pods-TrainingNote.release.xcconfig */,
				6276862C6ED0088C99FFD19F /* Pods-TrainingNote-TrainingNoteUITests.debug.xcconfig */,
				891D4C9EB7945661AAF11D89 /* Pods-TrainingNote-TrainingNoteUITests.release.xcconfig */,
				D825926584CB9ECC7FD44CD6 /* Pods-TrainingNoteTests.debug.xcconfig */,
				E14285CB2D457CBD3B134913 /* Pods-TrainingNoteTests.release.xcconfig */,
			);
			path = Pods;
			sourceTree = "<group>";
		};
		D31FAFE523F7639B00CECCC5 = {
			isa = PBXGroup;
			children = (
				D348949A23F77A8F00E4D758 /* R.generated.swift */,
				D31FAFF023F7639B00CECCC5 /* TrainingNote */,
				D31FB00723F7639C00CECCC5 /* TrainingNoteTests */,
				D31FB01223F7639C00CECCC5 /* TrainingNoteUITests */,
				D31FAFEF23F7639B00CECCC5 /* Products */,
				C85A285C4AB7E3D7D84AB762 /* Pods */,
				172B5794E184B81BEE9203AB /* Frameworks */,
			);
			sourceTree = "<group>";
		};
		D31FAFEF23F7639B00CECCC5 /* Products */ = {
			isa = PBXGroup;
			children = (
				D31FAFEE23F7639B00CECCC5 /* TrainingNote.app */,
				D31FB00423F7639C00CECCC5 /* TrainingNoteTests.xctest */,
				D31FB00F23F7639C00CECCC5 /* TrainingNoteUITests.xctest */,
			);
			name = Products;
			sourceTree = "<group>";
		};
		D31FAFF023F7639B00CECCC5 /* TrainingNote */ = {
			isa = PBXGroup;
			children = (
				D362297323F7FF7B005A610A /* Strings */,
				D362296323F7DC06005A610A /* Protocol */,
				D362296423F7DC37005A610A /* Model */,
				D362296523F7DC3D005A610A /* ViewModel */,
				D362296623F7DC48005A610A /* View */,
				D34894A523F789E200E4D758 /* LaunchScreen.storyboard */,
				D31FAFF123F7639B00CECCC5 /* AppDelegate.swift */,
				D31FAFF323F7639B00CECCC5 /* SceneDelegate.swift */,
				D31FAFFA23F7639C00CECCC5 /* Assets.xcassets */,
				D31FAFFF23F7639C00CECCC5 /* Info.plist */,
			);
			path = TrainingNote;
			sourceTree = "<group>";
		};
		D31FB00723F7639C00CECCC5 /* TrainingNoteTests */ = {
			isa = PBXGroup;
			children = (
				D31FB00823F7639C00CECCC5 /* TrainingNoteTests.swift */,
				D31FB00A23F7639C00CECCC5 /* Info.plist */,
			);
			path = TrainingNoteTests;
			sourceTree = "<group>";
		};
		D31FB01223F7639C00CECCC5 /* TrainingNoteUITests */ = {
			isa = PBXGroup;
			children = (
				D31FB01323F7639C00CECCC5 /* TrainingNoteUITests.swift */,
				D31FB01523F7639C00CECCC5 /* Info.plist */,
			);
			path = TrainingNoteUITests;
			sourceTree = "<group>";
		};
		D362296323F7DC06005A610A /* Protocol */ = {
			isa = PBXGroup;
			children = (
				D362296F23F7EA3F005A610A /* Injectable.swift */,
			);
			path = Protocol;
			sourceTree = "<group>";
		};
		D362296423F7DC37005A610A /* Model */ = {
			isa = PBXGroup;
			children = (
				D349B1E023FA9BF7005F7C56 /* SettingModel.swift */,
			);
			path = Model;
			sourceTree = "<group>";
		};
		D362296523F7DC3D005A610A /* ViewModel */ = {
			isa = PBXGroup;
			children = (
				D362297123F7EB4D005A610A /* SettingViewModel.swift */,
			);
			path = ViewModel;
			sourceTree = "<group>";
		};
		D362296623F7DC48005A610A /* View */ = {
			isa = PBXGroup;
			children = (
				D362296723F7DC73005A610A /* CalenderView */,
				D362296823F7DC85005A610A /* SettingView */,
				D362296923F7DC94005A610A /* NoteView */,
			);
			path = View;
			sourceTree = "<group>";
		};
		D362296723F7DC73005A610A /* CalenderView */ = {
			isa = PBXGroup;
			children = (
				D34894B123F79B4F00E4D758 /* CalenderViewController.swift */,
				D34894B223F79B4F00E4D758 /* CalenderViewController.xib */,
			);
			path = CalenderView;
			sourceTree = "<group>";
		};
		D362296823F7DC85005A610A /* SettingView */ = {
			isa = PBXGroup;
			children = (
				D34894B523F79F7500E4D758 /* SettingViewController.swift */,
				D34894B623F79F7500E4D758 /* SettingViewController.xib */,
				D362296A23F7DCFB005A610A /* Cell */,
			);
			path = SettingView;
			sourceTree = "<group>";
		};
		D362296923F7DC94005A610A /* NoteView */ = {
			isa = PBXGroup;
			children = (
				D34894B923F7A54700E4D758 /* NoteViewController.swift */,
				D34894BA23F7A54700E4D758 /* NoteViewController.xib */,
			);
			name = NoteView;
			sourceTree = "<group>";
		};
		D362296A23F7DCFB005A610A /* Cell */ = {
			isa = PBXGroup;
			children = (
				D362296B23F7E9B9005A610A /* SettingTableViewCell.swift */,
				D362296C23F7E9B9005A610A /* SettingTableViewCell.xib */,
			);
			path = Cell;
			sourceTree = "<group>";
		};
		D362297323F7FF7B005A610A /* Strings */ = {
			isa = PBXGroup;
			children = (
				D362297423F7FFB7005A610A /* SettingView.strings */,
				D39AC62423FE4B5D00DCC185 /* SettingModel.strings */,
			);
			path = Strings;
			sourceTree = "<group>";
		};
/* End PBXGroup section */

/* Begin PBXNativeTarget section */
		D31FAFED23F7639B00CECCC5 /* TrainingNote */ = {
			isa = PBXNativeTarget;
			buildConfigurationList = D31FB01823F7639C00CECCC5 /* Build configuration list for PBXNativeTarget "TrainingNote" */;
			buildPhases = (
				D323DE3273B327D17169DD81 /* [CP] Check Pods Manifest.lock */,
				D348949923F779FF00E4D758 /* Run Script(R.swift) */,
				D31FAFEA23F7639B00CECCC5 /* Sources */,
				D31FAFEB23F7639B00CECCC5 /* Frameworks */,
				D31FAFEC23F7639B00CECCC5 /* Resources */,
				95AC61E267AE8C84DF4EE658 /* [CP] Embed Pods Frameworks */,
				D348949C23F77C7B00E4D758 /* Run Script(SwiftLint) */,
			);
			buildRules = (
			);
			dependencies = (
			);
			name = TrainingNote;
			productName = TrainingNote;
			productReference = D31FAFEE23F7639B00CECCC5 /* TrainingNote.app */;
			productType = "com.apple.product-type.application";
		};
		D31FB00323F7639C00CECCC5 /* TrainingNoteTests */ = {
			isa = PBXNativeTarget;
			buildConfigurationList = D31FB01B23F7639C00CECCC5 /* Build configuration list for PBXNativeTarget "TrainingNoteTests" */;
			buildPhases = (
				FCF07613F54C1C5114794BAC /* [CP] Check Pods Manifest.lock */,
				D31FB00023F7639C00CECCC5 /* Sources */,
				D31FB00123F7639C00CECCC5 /* Frameworks */,
				D31FB00223F7639C00CECCC5 /* Resources */,
				AF1A6A75624651EF9BFDF9EC /* [CP] Embed Pods Frameworks */,
			);
			buildRules = (
			);
			dependencies = (
				D31FB00623F7639C00CECCC5 /* PBXTargetDependency */,
			);
			name = TrainingNoteTests;
			productName = TrainingNoteTests;
			productReference = D31FB00423F7639C00CECCC5 /* TrainingNoteTests.xctest */;
			productType = "com.apple.product-type.bundle.unit-test";
		};
		D31FB00E23F7639C00CECCC5 /* TrainingNoteUITests */ = {
			isa = PBXNativeTarget;
			buildConfigurationList = D31FB01E23F7639C00CECCC5 /* Build configuration list for PBXNativeTarget "TrainingNoteUITests" */;
			buildPhases = (
				232A973B430E14303C0187DC /* [CP] Check Pods Manifest.lock */,
				D31FB00B23F7639C00CECCC5 /* Sources */,
				D31FB00C23F7639C00CECCC5 /* Frameworks */,
				D31FB00D23F7639C00CECCC5 /* Resources */,
				042C351F2577CECE8B568D8E /* [CP] Embed Pods Frameworks */,
			);
			buildRules = (
			);
			dependencies = (
				D31FB01123F7639C00CECCC5 /* PBXTargetDependency */,
			);
			name = TrainingNoteUITests;
			productName = TrainingNoteUITests;
			productReference = D31FB00F23F7639C00CECCC5 /* TrainingNoteUITests.xctest */;
			productType = "com.apple.product-type.bundle.ui-testing";
		};
/* End PBXNativeTarget section */

/* Begin PBXProject section */
		D31FAFE623F7639B00CECCC5 /* Project object */ = {
			isa = PBXProject;
			attributes = {
				LastSwiftUpdateCheck = 1120;
				LastUpgradeCheck = 1120;
				ORGANIZATIONNAME = MizukiKubota;
				TargetAttributes = {
					D31FAFED23F7639B00CECCC5 = {
						CreatedOnToolsVersion = 11.2.1;
					};
					D31FB00323F7639C00CECCC5 = {
						CreatedOnToolsVersion = 11.2.1;
						TestTargetID = D31FAFED23F7639B00CECCC5;
					};
					D31FB00E23F7639C00CECCC5 = {
						CreatedOnToolsVersion = 11.2.1;
						TestTargetID = D31FAFED23F7639B00CECCC5;
					};
				};
			};
			buildConfigurationList = D31FAFE923F7639B00CECCC5 /* Build configuration list for PBXProject "TrainingNote" */;
			compatibilityVersion = "Xcode 9.3";
			developmentRegion = en;
			hasScannedForEncodings = 0;
			knownRegions = (
				en,
				Base,
			);
			mainGroup = D31FAFE523F7639B00CECCC5;
			productRefGroup = D31FAFEF23F7639B00CECCC5 /* Products */;
			projectDirPath = "";
			projectRoot = "";
			targets = (
				D31FAFED23F7639B00CECCC5 /* TrainingNote */,
				D31FB00323F7639C00CECCC5 /* TrainingNoteTests */,
				D31FB00E23F7639C00CECCC5 /* TrainingNoteUITests */,
			);
		};
/* End PBXProject section */

/* Begin PBXResourcesBuildPhase section */
		D31FAFEC23F7639B00CECCC5 /* Resources */ = {
			isa = PBXResourcesBuildPhase;
			buildActionMask = 2147483647;
			files = (
				D34894B423F79B4F00E4D758 /* CalenderViewController.xib in Resources */,
				D34894B823F79F7500E4D758 /* SettingViewController.xib in Resources */,
				D362297523F7FFB7005A610A /* SettingView.strings in Resources */,
				D39AC62523FE4B5D00DCC185 /* SettingModel.strings in Resources */,
				D362296E23F7E9B9005A610A /* SettingTableViewCell.xib in Resources */,
				D34894A623F789E200E4D758 /* LaunchScreen.storyboard in Resources */,
				D34894BC23F7A54700E4D758 /* NoteViewController.xib in Resources */,
				D31FAFFB23F7639C00CECCC5 /* Assets.xcassets in Resources */,
			);
			runOnlyForDeploymentPostprocessing = 0;
		};
		D31FB00223F7639C00CECCC5 /* Resources */ = {
			isa = PBXResourcesBuildPhase;
			buildActionMask = 2147483647;
			files = (
			);
			runOnlyForDeploymentPostprocessing = 0;
		};
		D31FB00D23F7639C00CECCC5 /* Resources */ = {
			isa = PBXResourcesBuildPhase;
			buildActionMask = 2147483647;
			files = (
			);
			runOnlyForDeploymentPostprocessing = 0;
		};
/* End PBXResourcesBuildPhase section */

/* Begin PBXShellScriptBuildPhase section */
		042C351F2577CECE8B568D8E /* [CP] Embed Pods Frameworks */ = {
			isa = PBXShellScriptBuildPhase;
			buildActionMask = 2147483647;
			files = (
			);
			inputFileListPaths = (
				"${PODS_ROOT}/Target Support Files/Pods-TrainingNote-TrainingNoteUITests/Pods-TrainingNote-TrainingNoteUITests-frameworks-${CONFIGURATION}-input-files.xcfilelist",
			);
			name = "[CP] Embed Pods Frameworks";
			outputFileListPaths = (
				"${PODS_ROOT}/Target Support Files/Pods-TrainingNote-TrainingNoteUITests/Pods-TrainingNote-TrainingNoteUITests-frameworks-${CONFIGURATION}-output-files.xcfilelist",
			);
			runOnlyForDeploymentPostprocessing = 0;
			shellPath = /bin/sh;
			shellScript = "\"${PODS_ROOT}/Target Support Files/Pods-TrainingNote-TrainingNoteUITests/Pods-TrainingNote-TrainingNoteUITests-frameworks.sh\"\n";
			showEnvVarsInLog = 0;
		};
		232A973B430E14303C0187DC /* [CP] Check Pods Manifest.lock */ = {
			isa = PBXShellScriptBuildPhase;
			buildActionMask = 2147483647;
			files = (
			);
			inputFileListPaths = (
			);
			inputPaths = (
				"${PODS_PODFILE_DIR_PATH}/Podfile.lock",
				"${PODS_ROOT}/Manifest.lock",
			);
			name = "[CP] Check Pods Manifest.lock";
			outputFileListPaths = (
			);
			outputPaths = (
				"$(DERIVED_FILE_DIR)/Pods-TrainingNote-TrainingNoteUITests-checkManifestLockResult.txt",
			);
			runOnlyForDeploymentPostprocessing = 0;
			shellPath = /bin/sh;
			shellScript = "diff \"${PODS_PODFILE_DIR_PATH}/Podfile.lock\" \"${PODS_ROOT}/Manifest.lock\" > /dev/null\nif [ $? != 0 ] ; then\n    # print error to STDERR\n    echo \"error: The sandbox is not in sync with the Podfile.lock. Run 'pod install' or update your CocoaPods installation.\" >&2\n    exit 1\nfi\n# This output is used by Xcode 'outputs' to avoid re-running this script phase.\necho \"SUCCESS\" > \"${SCRIPT_OUTPUT_FILE_0}\"\n";
			showEnvVarsInLog = 0;
		};
		95AC61E267AE8C84DF4EE658 /* [CP] Embed Pods Frameworks */ = {
			isa = PBXShellScriptBuildPhase;
			buildActionMask = 2147483647;
			files = (
			);
			inputFileListPaths = (
				"${PODS_ROOT}/Target Support Files/Pods-TrainingNote/Pods-TrainingNote-frameworks-${CONFIGURATION}-input-files.xcfilelist",
			);
			name = "[CP] Embed Pods Frameworks";
			outputFileListPaths = (
				"${PODS_ROOT}/Target Support Files/Pods-TrainingNote/Pods-TrainingNote-frameworks-${CONFIGURATION}-output-files.xcfilelist",
			);
			runOnlyForDeploymentPostprocessing = 0;
			shellPath = /bin/sh;
			shellScript = "\"${PODS_ROOT}/Target Support Files/Pods-TrainingNote/Pods-TrainingNote-frameworks.sh\"\n";
			showEnvVarsInLog = 0;
		};
		AF1A6A75624651EF9BFDF9EC /* [CP] Embed Pods Frameworks */ = {
			isa = PBXShellScriptBuildPhase;
			buildActionMask = 2147483647;
			files = (
			);
			inputFileListPaths = (
				"${PODS_ROOT}/Target Support Files/Pods-TrainingNoteTests/Pods-TrainingNoteTests-frameworks-${CONFIGURATION}-input-files.xcfilelist",
			);
			name = "[CP] Embed Pods Frameworks";
			outputFileListPaths = (
				"${PODS_ROOT}/Target Support Files/Pods-TrainingNoteTests/Pods-TrainingNoteTests-frameworks-${CONFIGURATION}-output-files.xcfilelist",
			);
			runOnlyForDeploymentPostprocessing = 0;
			shellPath = /bin/sh;
			shellScript = "\"${PODS_ROOT}/Target Support Files/Pods-TrainingNoteTests/Pods-TrainingNoteTests-frameworks.sh\"\n";
			showEnvVarsInLog = 0;
		};
		D323DE3273B327D17169DD81 /* [CP] Check Pods Manifest.lock */ = {
			isa = PBXShellScriptBuildPhase;
			buildActionMask = 2147483647;
			files = (
			);
			inputFileListPaths = (
			);
			inputPaths = (
				"${PODS_PODFILE_DIR_PATH}/Podfile.lock",
				"${PODS_ROOT}/Manifest.lock",
			);
			name = "[CP] Check Pods Manifest.lock";
			outputFileListPaths = (
			);
			outputPaths = (
				"$(DERIVED_FILE_DIR)/Pods-TrainingNote-checkManifestLockResult.txt",
			);
			runOnlyForDeploymentPostprocessing = 0;
			shellPath = /bin/sh;
			shellScript = "diff \"${PODS_PODFILE_DIR_PATH}/Podfile.lock\" \"${PODS_ROOT}/Manifest.lock\" > /dev/null\nif [ $? != 0 ] ; then\n    # print error to STDERR\n    echo \"error: The sandbox is not in sync with the Podfile.lock. Run 'pod install' or update your CocoaPods installation.\" >&2\n    exit 1\nfi\n# This output is used by Xcode 'outputs' to avoid re-running this script phase.\necho \"SUCCESS\" > \"${SCRIPT_OUTPUT_FILE_0}\"\n";
			showEnvVarsInLog = 0;
		};
		D348949923F779FF00E4D758 /* Run Script(R.swift) */ = {
			isa = PBXShellScriptBuildPhase;
			buildActionMask = 2147483647;
			files = (
			);
			inputFileListPaths = (
			);
			inputPaths = (
				"$TEMP_DIR/rswift-lastrun",
			);
			name = "Run Script(R.swift)";
			outputFileListPaths = (
			);
			outputPaths = (
				$SRCROOT/R.generated.swift,
			);
			runOnlyForDeploymentPostprocessing = 0;
			shellPath = /bin/sh;
			shellScript = "\"$PODS_ROOT/R.swift/rswift\" generate \"$SRCROOT/R.generated.swift\"\n";
		};
		D348949C23F77C7B00E4D758 /* Run Script(SwiftLint) */ = {
			isa = PBXShellScriptBuildPhase;
			buildActionMask = 2147483647;
			files = (
			);
			inputFileListPaths = (
			);
			inputPaths = (
			);
			name = "Run Script(SwiftLint)";
			outputFileListPaths = (
			);
			outputPaths = (
			);
			runOnlyForDeploymentPostprocessing = 0;
			shellPath = /bin/sh;
			shellScript = "if which \"${PODS_ROOT}/SwiftLint/swiftlint\" >/dev/null; then\n    ${PODS_ROOT}/SwiftLint/swiftlint  autocorrect --format\n    ${PODS_ROOT}/SwiftLint/swiftlint\nelse\n    echo \"warning: SwiftLint not installed, download from https://github.com/realm/SwiftLint\"\nfi\n";
		};
		FCF07613F54C1C5114794BAC /* [CP] Check Pods Manifest.lock */ = {
			isa = PBXShellScriptBuildPhase;
			buildActionMask = 2147483647;
			files = (
			);
			inputFileListPaths = (
			);
			inputPaths = (
				"${PODS_PODFILE_DIR_PATH}/Podfile.lock",
				"${PODS_ROOT}/Manifest.lock",
			);
			name = "[CP] Check Pods Manifest.lock";
			outputFileListPaths = (
			);
			outputPaths = (
				"$(DERIVED_FILE_DIR)/Pods-TrainingNoteTests-checkManifestLockResult.txt",
			);
			runOnlyForDeploymentPostprocessing = 0;
			shellPath = /bin/sh;
			shellScript = "diff \"${PODS_PODFILE_DIR_PATH}/Podfile.lock\" \"${PODS_ROOT}/Manifest.lock\" > /dev/null\nif [ $? != 0 ] ; then\n    # print error to STDERR\n    echo \"error: The sandbox is not in sync with the Podfile.lock. Run 'pod install' or update your CocoaPods installation.\" >&2\n    exit 1\nfi\n# This output is used by Xcode 'outputs' to avoid re-running this script phase.\necho \"SUCCESS\" > \"${SCRIPT_OUTPUT_FILE_0}\"\n";
			showEnvVarsInLog = 0;
		};
/* End PBXShellScriptBuildPhase section */

/* Begin PBXSourcesBuildPhase section */
		D31FAFEA23F7639B00CECCC5 /* Sources */ = {
			isa = PBXSourcesBuildPhase;
			buildActionMask = 2147483647;
			files = (
				D34894B323F79B4F00E4D758 /* CalenderViewController.swift in Sources */,
				D31FAFF223F7639B00CECCC5 /* AppDelegate.swift in Sources */,
				D362296D23F7E9B9005A610A /* SettingTableViewCell.swift in Sources */,
				D31FAFF423F7639B00CECCC5 /* SceneDelegate.swift in Sources */,
				D362297023F7EA3F005A610A /* Injectable.swift in Sources */,
				D348949B23F77A8F00E4D758 /* R.generated.swift in Sources */,
				D34894BB23F7A54700E4D758 /* NoteViewController.swift in Sources */,
				D349B1E123FA9BF7005F7C56 /* SettingModel.swift in Sources */,
				D362297223F7EB4D005A610A /* SettingViewModel.swift in Sources */,
				D34894B723F79F7500E4D758 /* SettingViewController.swift in Sources */,
			);
			runOnlyForDeploymentPostprocessing = 0;
		};
		D31FB00023F7639C00CECCC5 /* Sources */ = {
			isa = PBXSourcesBuildPhase;
			buildActionMask = 2147483647;
			files = (
				D31FB00923F7639C00CECCC5 /* TrainingNoteTests.swift in Sources */,
			);
			runOnlyForDeploymentPostprocessing = 0;
		};
		D31FB00B23F7639C00CECCC5 /* Sources */ = {
			isa = PBXSourcesBuildPhase;
			buildActionMask = 2147483647;
			files = (
				D31FB01423F7639C00CECCC5 /* TrainingNoteUITests.swift in Sources */,
			);
			runOnlyForDeploymentPostprocessing = 0;
		};
/* End PBXSourcesBuildPhase section */

/* Begin PBXTargetDependency section */
		D31FB00623F7639C00CECCC5 /* PBXTargetDependency */ = {
			isa = PBXTargetDependency;
			target = D31FAFED23F7639B00CECCC5 /* TrainingNote */;
			targetProxy = D31FB00523F7639C00CECCC5 /* PBXContainerItemProxy */;
		};
		D31FB01123F7639C00CECCC5 /* PBXTargetDependency */ = {
			isa = PBXTargetDependency;
			target = D31FAFED23F7639B00CECCC5 /* TrainingNote */;
			targetProxy = D31FB01023F7639C00CECCC5 /* PBXContainerItemProxy */;
		};
/* End PBXTargetDependency section */

/* Begin XCBuildConfiguration section */
		D31FB01623F7639C00CECCC5 /* Debug */ = {
			isa = XCBuildConfiguration;
			buildSettings = {
				ALWAYS_SEARCH_USER_PATHS = NO;
				CLANG_ANALYZER_NONNULL = YES;
				CLANG_ANALYZER_NUMBER_OBJECT_CONVERSION = YES_AGGRESSIVE;
				CLANG_CXX_LANGUAGE_STANDARD = "gnu++14";
				CLANG_CXX_LIBRARY = "libc++";
				CLANG_ENABLE_MODULES = YES;
				CLANG_ENABLE_OBJC_ARC = YES;
				CLANG_ENABLE_OBJC_WEAK = YES;
				CLANG_WARN_BLOCK_CAPTURE_AUTORELEASING = YES;
				CLANG_WARN_BOOL_CONVERSION = YES;
				CLANG_WARN_COMMA = YES;
				CLANG_WARN_CONSTANT_CONVERSION = YES;
				CLANG_WARN_DEPRECATED_OBJC_IMPLEMENTATIONS = YES;
				CLANG_WARN_DIRECT_OBJC_ISA_USAGE = YES_ERROR;
				CLANG_WARN_DOCUMENTATION_COMMENTS = YES;
				CLANG_WARN_EMPTY_BODY = YES;
				CLANG_WARN_ENUM_CONVERSION = YES;
				CLANG_WARN_INFINITE_RECURSION = YES;
				CLANG_WARN_INT_CONVERSION = YES;
				CLANG_WARN_NON_LITERAL_NULL_CONVERSION = YES;
				CLANG_WARN_OBJC_IMPLICIT_RETAIN_SELF = YES;
				CLANG_WARN_OBJC_LITERAL_CONVERSION = YES;
				CLANG_WARN_OBJC_ROOT_CLASS = YES_ERROR;
				CLANG_WARN_RANGE_LOOP_ANALYSIS = YES;
				CLANG_WARN_STRICT_PROTOTYPES = YES;
				CLANG_WARN_SUSPICIOUS_MOVE = YES;
				CLANG_WARN_UNGUARDED_AVAILABILITY = YES_AGGRESSIVE;
				CLANG_WARN_UNREACHABLE_CODE = YES;
				CLANG_WARN__DUPLICATE_METHOD_MATCH = YES;
				COPY_PHASE_STRIP = NO;
				DEBUG_INFORMATION_FORMAT = dwarf;
				ENABLE_STRICT_OBJC_MSGSEND = YES;
				ENABLE_TESTABILITY = YES;
				GCC_C_LANGUAGE_STANDARD = gnu11;
				GCC_DYNAMIC_NO_PIC = NO;
				GCC_NO_COMMON_BLOCKS = YES;
				GCC_OPTIMIZATION_LEVEL = 0;
				GCC_PREPROCESSOR_DEFINITIONS = (
					"DEBUG=1",
					"$(inherited)",
				);
				GCC_WARN_64_TO_32_BIT_CONVERSION = YES;
				GCC_WARN_ABOUT_RETURN_TYPE = YES_ERROR;
				GCC_WARN_UNDECLARED_SELECTOR = YES;
				GCC_WARN_UNINITIALIZED_AUTOS = YES_AGGRESSIVE;
				GCC_WARN_UNUSED_FUNCTION = YES;
				GCC_WARN_UNUSED_VARIABLE = YES;
				IPHONEOS_DEPLOYMENT_TARGET = 13.2;
				MTL_ENABLE_DEBUG_INFO = INCLUDE_SOURCE;
				MTL_FAST_MATH = YES;
				ONLY_ACTIVE_ARCH = YES;
				SDKROOT = iphoneos;
				SWIFT_ACTIVE_COMPILATION_CONDITIONS = DEBUG;
				SWIFT_OPTIMIZATION_LEVEL = "-Onone";
			};
			name = Debug;
		};
		D31FB01723F7639C00CECCC5 /* Release */ = {
			isa = XCBuildConfiguration;
			buildSettings = {
				ALWAYS_SEARCH_USER_PATHS = NO;
				CLANG_ANALYZER_NONNULL = YES;
				CLANG_ANALYZER_NUMBER_OBJECT_CONVERSION = YES_AGGRESSIVE;
				CLANG_CXX_LANGUAGE_STANDARD = "gnu++14";
				CLANG_CXX_LIBRARY = "libc++";
				CLANG_ENABLE_MODULES = YES;
				CLANG_ENABLE_OBJC_ARC = YES;
				CLANG_ENABLE_OBJC_WEAK = YES;
				CLANG_WARN_BLOCK_CAPTURE_AUTORELEASING = YES;
				CLANG_WARN_BOOL_CONVERSION = YES;
				CLANG_WARN_COMMA = YES;
				CLANG_WARN_CONSTANT_CONVERSION = YES;
				CLANG_WARN_DEPRECATED_OBJC_IMPLEMENTATIONS = YES;
				CLANG_WARN_DIRECT_OBJC_ISA_USAGE = YES_ERROR;
				CLANG_WARN_DOCUMENTATION_COMMENTS = YES;
				CLANG_WARN_EMPTY_BODY = YES;
				CLANG_WARN_ENUM_CONVERSION = YES;
				CLANG_WARN_INFINITE_RECURSION = YES;
				CLANG_WARN_INT_CONVERSION = YES;
				CLANG_WARN_NON_LITERAL_NULL_CONVERSION = YES;
				CLANG_WARN_OBJC_IMPLICIT_RETAIN_SELF = YES;
				CLANG_WARN_OBJC_LITERAL_CONVERSION = YES;
				CLANG_WARN_OBJC_ROOT_CLASS = YES_ERROR;
				CLANG_WARN_RANGE_LOOP_ANALYSIS = YES;
				CLANG_WARN_STRICT_PROTOTYPES = YES;
				CLANG_WARN_SUSPICIOUS_MOVE = YES;
				CLANG_WARN_UNGUARDED_AVAILABILITY = YES_AGGRESSIVE;
				CLANG_WARN_UNREACHABLE_CODE = YES;
				CLANG_WARN__DUPLICATE_METHOD_MATCH = YES;
				COPY_PHASE_STRIP = NO;
				DEBUG_INFORMATION_FORMAT = "dwarf-with-dsym";
				ENABLE_NS_ASSERTIONS = NO;
				ENABLE_STRICT_OBJC_MSGSEND = YES;
				GCC_C_LANGUAGE_STANDARD = gnu11;
				GCC_NO_COMMON_BLOCKS = YES;
				GCC_WARN_64_TO_32_BIT_CONVERSION = YES;
				GCC_WARN_ABOUT_RETURN_TYPE = YES_ERROR;
				GCC_WARN_UNDECLARED_SELECTOR = YES;
				GCC_WARN_UNINITIALIZED_AUTOS = YES_AGGRESSIVE;
				GCC_WARN_UNUSED_FUNCTION = YES;
				GCC_WARN_UNUSED_VARIABLE = YES;
				IPHONEOS_DEPLOYMENT_TARGET = 13.2;
				MTL_ENABLE_DEBUG_INFO = NO;
				MTL_FAST_MATH = YES;
				SDKROOT = iphoneos;
				SWIFT_COMPILATION_MODE = wholemodule;
				SWIFT_OPTIMIZATION_LEVEL = "-O";
				VALIDATE_PRODUCT = YES;
			};
			name = Release;
		};
		D31FB01923F7639C00CECCC5 /* Debug */ = {
			isa = XCBuildConfiguration;
			baseConfigurationReference = CF11980B151F3F0000C95B9C /* Pods-TrainingNote.debug.xcconfig */;
			buildSettings = {
				ASSETCATALOG_COMPILER_APPICON_NAME = AppIcon;
				CODE_SIGN_STYLE = Automatic;
				DEVELOPMENT_TEAM = 9VQK249U2S;
				INFOPLIST_FILE = TrainingNote/Info.plist;
				LD_RUNPATH_SEARCH_PATHS = (
					"$(inherited)",
					"@executable_path/Frameworks",
				);
				PRODUCT_BUNDLE_IDENTIFIER = com.mizuki.kubota.TrainingNote;
				PRODUCT_NAME = "$(TARGET_NAME)";
				SWIFT_VERSION = 5.0;
				TARGETED_DEVICE_FAMILY = 1;
			};
			name = Debug;
		};
		D31FB01A23F7639C00CECCC5 /* Release */ = {
			isa = XCBuildConfiguration;
			baseConfigurationReference = 3ED6561331E68B83182EF8EE /* Pods-TrainingNote.release.xcconfig */;
			buildSettings = {
				ASSETCATALOG_COMPILER_APPICON_NAME = AppIcon;
				CODE_SIGN_STYLE = Automatic;
				DEVELOPMENT_TEAM = 9VQK249U2S;
				INFOPLIST_FILE = TrainingNote/Info.plist;
				LD_RUNPATH_SEARCH_PATHS = (
					"$(inherited)",
					"@executable_path/Frameworks",
				);
				PRODUCT_BUNDLE_IDENTIFIER = com.mizuki.kubota.TrainingNote;
				PRODUCT_NAME = "$(TARGET_NAME)";
				SWIFT_VERSION = 5.0;
				TARGETED_DEVICE_FAMILY = 1;
			};
			name = Release;
		};
		D31FB01C23F7639C00CECCC5 /* Debug */ = {
			isa = XCBuildConfiguration;
			baseConfigurationReference = D825926584CB9ECC7FD44CD6 /* Pods-TrainingNoteTests.debug.xcconfig */;
			buildSettings = {
				ALWAYS_EMBED_SWIFT_STANDARD_LIBRARIES = YES;
				BUNDLE_LOADER = "$(TEST_HOST)";
				CODE_SIGN_STYLE = Automatic;
				DEVELOPMENT_TEAM = 9VQK249U2S;
				INFOPLIST_FILE = TrainingNoteTests/Info.plist;
				IPHONEOS_DEPLOYMENT_TARGET = 13.2;
				LD_RUNPATH_SEARCH_PATHS = (
					"$(inherited)",
					"@executable_path/Frameworks",
					"@loader_path/Frameworks",
				);
				PRODUCT_BUNDLE_IDENTIFIER = com.mizuki.kubota.TrainingNoteTests;
				PRODUCT_NAME = "$(TARGET_NAME)";
				SWIFT_VERSION = 5.0;
				TARGETED_DEVICE_FAMILY = "1,2";
				TEST_HOST = "$(BUILT_PRODUCTS_DIR)/TrainingNote.app/TrainingNote";
			};
			name = Debug;
		};
		D31FB01D23F7639C00CECCC5 /* Release */ = {
			isa = XCBuildConfiguration;
			baseConfigurationReference = E14285CB2D457CBD3B134913 /* Pods-TrainingNoteTests.release.xcconfig */;
			buildSettings = {
				ALWAYS_EMBED_SWIFT_STANDARD_LIBRARIES = YES;
				BUNDLE_LOADER = "$(TEST_HOST)";
				CODE_SIGN_STYLE = Automatic;
				DEVELOPMENT_TEAM = 9VQK249U2S;
				INFOPLIST_FILE = TrainingNoteTests/Info.plist;
				IPHONEOS_DEPLOYMENT_TARGET = 13.2;
				LD_RUNPATH_SEARCH_PATHS = (
					"$(inherited)",
					"@executable_path/Frameworks",
					"@loader_path/Frameworks",
				);
				PRODUCT_BUNDLE_IDENTIFIER = com.mizuki.kubota.TrainingNoteTests;
				PRODUCT_NAME = "$(TARGET_NAME)";
				SWIFT_VERSION = 5.0;
				TARGETED_DEVICE_FAMILY = "1,2";
				TEST_HOST = "$(BUILT_PRODUCTS_DIR)/TrainingNote.app/TrainingNote";
			};
			name = Release;
		};
		D31FB01F23F7639C00CECCC5 /* Debug */ = {
			isa = XCBuildConfiguration;
			baseConfigurationReference = 6276862C6ED0088C99FFD19F /* Pods-TrainingNote-TrainingNoteUITests.debug.xcconfig */;
			buildSettings = {
				ALWAYS_EMBED_SWIFT_STANDARD_LIBRARIES = YES;
				CODE_SIGN_STYLE = Automatic;
				DEVELOPMENT_TEAM = 9VQK249U2S;
				INFOPLIST_FILE = TrainingNoteUITests/Info.plist;
				LD_RUNPATH_SEARCH_PATHS = (
					"$(inherited)",
					"@executable_path/Frameworks",
					"@loader_path/Frameworks",
				);
				PRODUCT_BUNDLE_IDENTIFIER = com.mizuki.kubota.TrainingNoteUITests;
				PRODUCT_NAME = "$(TARGET_NAME)";
				SWIFT_VERSION = 5.0;
				TARGETED_DEVICE_FAMILY = "1,2";
				TEST_TARGET_NAME = TrainingNote;
			};
			name = Debug;
		};
		D31FB02023F7639C00CECCC5 /* Release */ = {
			isa = XCBuildConfiguration;
			baseConfigurationReference = 891D4C9EB7945661AAF11D89 /* Pods-TrainingNote-TrainingNoteUITests.release.xcconfig */;
			buildSettings = {
				ALWAYS_EMBED_SWIFT_STANDARD_LIBRARIES = YES;
				CODE_SIGN_STYLE = Automatic;
				DEVELOPMENT_TEAM = 9VQK249U2S;
				INFOPLIST_FILE = TrainingNoteUITests/Info.plist;
				LD_RUNPATH_SEARCH_PATHS = (
					"$(inherited)",
					"@executable_path/Frameworks",
					"@loader_path/Frameworks",
				);
				PRODUCT_BUNDLE_IDENTIFIER = com.mizuki.kubota.TrainingNoteUITests;
				PRODUCT_NAME = "$(TARGET_NAME)";
				SWIFT_VERSION = 5.0;
				TARGETED_DEVICE_FAMILY = "1,2";
				TEST_TARGET_NAME = TrainingNote;
			};
			name = Release;
		};
/* End XCBuildConfiguration section */

/* Begin XCConfigurationList section */
		D31FAFE923F7639B00CECCC5 /* Build configuration list for PBXProject "TrainingNote" */ = {
			isa = XCConfigurationList;
			buildConfigurations = (
				D31FB01623F7639C00CECCC5 /* Debug */,
				D31FB01723F7639C00CECCC5 /* Release */,
			);
			defaultConfigurationIsVisible = 0;
			defaultConfigurationName = Release;
		};
		D31FB01823F7639C00CECCC5 /* Build configuration list for PBXNativeTarget "TrainingNote" */ = {
			isa = XCConfigurationList;
			buildConfigurations = (
				D31FB01923F7639C00CECCC5 /* Debug */,
				D31FB01A23F7639C00CECCC5 /* Release */,
			);
			defaultConfigurationIsVisible = 0;
			defaultConfigurationName = Release;
		};
		D31FB01B23F7639C00CECCC5 /* Build configuration list for PBXNativeTarget "TrainingNoteTests" */ = {
			isa = XCConfigurationList;
			buildConfigurations = (
				D31FB01C23F7639C00CECCC5 /* Debug */,
				D31FB01D23F7639C00CECCC5 /* Release */,
			);
			defaultConfigurationIsVisible = 0;
			defaultConfigurationName = Release;
		};
		D31FB01E23F7639C00CECCC5 /* Build configuration list for PBXNativeTarget "TrainingNoteUITests" */ = {
			isa = XCConfigurationList;
			buildConfigurations = (
				D31FB01F23F7639C00CECCC5 /* Debug */,
				D31FB02023F7639C00CECCC5 /* Release */,
			);
			defaultConfigurationIsVisible = 0;
			defaultConfigurationName = Release;
		};
/* End XCConfigurationList section */
	};
	rootObject = D31FAFE623F7639B00CECCC5 /* Project object */;
}
